
Microsoft Visual Studio Solution File, Format Version 12.00
# Visual Studio Version 17
VisualStudioVersion = 17.2.32519.379
MinimumVisualStudioVersion = 10.0.40219.1
Project("{9A19103F-16F7-4668-BE54-9A1E7A4F7556}") = "CIProjectweb", "CIProjectweb\CIProjectweb.csproj", "{4DFA30B6-F8D0-4B48-8846-5FACA4AF34EE}"
EndProject
Project("{FAE04EC0-301F-11D3-BF4B-00C04F79EFBC}") = "CIProjectweb.Entities", "CIProjectweb.Entities\CIProjectweb.Entities.csproj", "{08239F09-5ECD-4FA5-961E-7699EADAE9D9}"
EndProject
Project("{FAE04EC0-301F-11D3-BF4B-00C04F79EFBC}") = "CIProjectweb.Repository", "CIProjectweb.Repository\CIProjectweb.Repository.csproj", "{96C62A4A-1F4A-4A0E-9C56-43B750AC563E}"
EndProject
Global
	GlobalSection(SolutionConfigurationPlatforms) = preSolution
		Debug|Any CPU = Debug|Any CPU
		Release|Any CPU = Release|Any CPU
	EndGlobalSection
	GlobalSection(ProjectConfigurationPlatforms) = postSolution
		{4DFA30B6-F8D0-4B48-8846-5FACA4AF34EE}.Debug|Any CPU.ActiveCfg = Debug|Any CPU
		{4DFA30B6-F8D0-4B48-8846-5FACA4AF34EE}.Debug|Any CPU.Build.0 = Debug|Any CPU
		{4DFA30B6-F8D0-4B48-8846-5FACA4AF34EE}.Release|Any CPU.ActiveCfg = Release|Any CPU
		{4DFA30B6-F8D0-4B48-8846-5FACA4AF34EE}.Release|Any CPU.Build.0 = Release|Any CPU
		{08239F09-5ECD-4FA5-961E-7699EADAE9D9}.Debug|Any CPU.ActiveCfg = Debug|Any CPU
		{08239F09-5ECD-4FA5-961E-7699EADAE9D9}.Debug|Any CPU.Build.0 = Debug|Any CPU
		{08239F09-5ECD-4FA5-961E-7699EADAE9D9}.Release|Any CPU.ActiveCfg = Release|Any CPU
		{08239F09-5ECD-4FA5-961E-7699EADAE9D9}.Release|Any CPU.Build.0 = Release|Any CPU
		{96C62A4A-1F4A-4A0E-9C56-43B750AC563E}.Debug|Any CPU.ActiveCfg = Debug|Any CPU
		{96C62A4A-1F4A-4A0E-9C56-43B750AC563E}.Debug|Any CPU.Build.0 = Debug|Any CPU
		{96C62A4A-1F4A-4A0E-9C56-43B750AC563E}.Release|Any CPU.ActiveCfg = Release|Any CPU
		{96C62A4A-1F4A-4A0E-9C56-43B750AC563E}.Release|Any CPU.Build.0 = Release|Any CPU
	EndGlobalSection
	GlobalSection(SolutionProperties) = preSolution
		HideSolutionNode = FALSE
	EndGlobalSection
	GlobalSection(ExtensibilityGlobals) = postSolution
		SolutionGuid = {C40C8445-C26E-4B63-B74C-9DA56807E510}
	EndGlobalSection
EndGlobal
